
Microsoft Visual Studio Solution File, Format Version 12.00
# Visual Studio 15
VisualStudioVersion = 15.0.26124.0
MinimumVisualStudioVersion = 15.0.26124.0
Project("{2150E333-8FDC-42A3-9474-1A3956D46DE8}") = "src", "src", "{8F21BBB7-E726-44E2-9B77-9AFA7BB35F6B}"
EndProject
Project("{FAE04EC0-301F-11D3-BF4B-00C04F79EFBC}") = "CustomerTracker.Domain", "src\CustomerTracker.Domain\CustomerTracker.Domain.csproj", "{F5567F00-B80F-4A98-BBC0-6993820E072F}"
EndProject
Project("{2150E333-8FDC-42A3-9474-1A3956D46DE8}") = "test", "test", "{7AD19407-781E-4DC6-9F05-EB01AC14CB51}"
EndProject
Project("{FAE04EC0-301F-11D3-BF4B-00C04F79EFBC}") = "UnitTests.CustomerTracker.Domain", "test\UnitTests.CustomerTracker.Domain\UnitTests.CustomerTracker.Domain.csproj", "{A54024F9-F465-4C5C-9B37-33403BD3D084}"
EndProject
Project("{FAE04EC0-301F-11D3-BF4B-00C04F79EFBC}") = "CustomerTracker.Api", "src\CustomerTracker.Api\CustomerTracker.Api.csproj", "{81A2B2D4-2A6C-4348-ABC1-4C020D7A08EE}"
EndProject
Project("{FAE04EC0-301F-11D3-BF4B-00C04F79EFBC}") = "CustomerTracker.Persistence", "src\CustomerTracker.Persistence\CustomerTracker.Persistence.csproj", "{2158F535-7B4C-423D-B8A1-162F119076B8}"
EndProject
Project("{FAE04EC0-301F-11D3-BF4B-00C04F79EFBC}") = "UnitTests.CustomerTracker.Persistence", "test\UnitTests.CustomerTracker.Persistence\UnitTests.CustomerTracker.Persistence.csproj", "{AC2F8A63-D769-4014-9311-01BC5FC57591}"
EndProject
Project("{FAE04EC0-301F-11D3-BF4B-00C04F79EFBC}") = "UnitTests.CustomerTracker.Api", "test\UnitTests.CustomerTracker.Api\UnitTests.CustomerTracker.Api.csproj", "{A6CE87BD-2C3C-41C4-8C20-FB73DB129AFF}"
EndProject
Project("{FAE04EC0-301F-11D3-BF4B-00C04F79EFBC}") = "FakeAccountingApi", "src\FakeAccountingApi\FakeAccountingApi.csproj", "{FD308FA8-0036-4A36-B5BB-ACC1AB904867}"
EndProject
Global
	GlobalSection(SolutionConfigurationPlatforms) = preSolution
		Debug|Any CPU = Debug|Any CPU
		Debug|x64 = Debug|x64
		Debug|x86 = Debug|x86
		Release|Any CPU = Release|Any CPU
		Release|x64 = Release|x64
		Release|x86 = Release|x86
	EndGlobalSection
	GlobalSection(SolutionProperties) = preSolution
		HideSolutionNode = FALSE
	EndGlobalSection
	GlobalSection(ProjectConfigurationPlatforms) = postSolution
		{F5567F00-B80F-4A98-BBC0-6993820E072F}.Debug|Any CPU.ActiveCfg = Debug|Any CPU
		{F5567F00-B80F-4A98-BBC0-6993820E072F}.Debug|Any CPU.Build.0 = Debug|Any CPU
		{F5567F00-B80F-4A98-BBC0-6993820E072F}.Debug|x64.ActiveCfg = Debug|Any CPU
		{F5567F00-B80F-4A98-BBC0-6993820E072F}.Debug|x64.Build.0 = Debug|Any CPU
		{F5567F00-B80F-4A98-BBC0-6993820E072F}.Debug|x86.ActiveCfg = Debug|Any CPU
		{F5567F00-B80F-4A98-BBC0-6993820E072F}.Debug|x86.Build.0 = Debug|Any CPU
		{F5567F00-B80F-4A98-BBC0-6993820E072F}.Release|Any CPU.ActiveCfg = Release|Any CPU
		{F5567F00-B80F-4A98-BBC0-6993820E072F}.Release|Any CPU.Build.0 = Release|Any CPU
		{F5567F00-B80F-4A98-BBC0-6993820E072F}.Release|x64.ActiveCfg = Release|Any CPU
		{F5567F00-B80F-4A98-BBC0-6993820E072F}.Release|x64.Build.0 = Release|Any CPU
		{F5567F00-B80F-4A98-BBC0-6993820E072F}.Release|x86.ActiveCfg = Release|Any CPU
		{F5567F00-B80F-4A98-BBC0-6993820E072F}.Release|x86.Build.0 = Release|Any CPU
		{A54024F9-F465-4C5C-9B37-33403BD3D084}.Debug|Any CPU.ActiveCfg = Debug|Any CPU
		{A54024F9-F465-4C5C-9B37-33403BD3D084}.Debug|Any CPU.Build.0 = Debug|Any CPU
		{A54024F9-F465-4C5C-9B37-33403BD3D084}.Debug|x64.ActiveCfg = Debug|Any CPU
		{A54024F9-F465-4C5C-9B37-33403BD3D084}.Debug|x64.Build.0 = Debug|Any CPU
		{A54024F9-F465-4C5C-9B37-33403BD3D084}.Debug|x86.ActiveCfg = Debug|Any CPU
		{A54024F9-F465-4C5C-9B37-33403BD3D084}.Debug|x86.Build.0 = Debug|Any CPU
		{A54024F9-F465-4C5C-9B37-33403BD3D084}.Release|Any CPU.ActiveCfg = Release|Any CPU
		{A54024F9-F465-4C5C-9B37-33403BD3D084}.Release|Any CPU.Build.0 = Release|Any CPU
		{A54024F9-F465-4C5C-9B37-33403BD3D084}.Release|x64.ActiveCfg = Release|Any CPU
		{A54024F9-F465-4C5C-9B37-33403BD3D084}.Release|x64.Build.0 = Release|Any CPU
		{A54024F9-F465-4C5C-9B37-33403BD3D084}.Release|x86.ActiveCfg = Release|Any CPU
		{A54024F9-F465-4C5C-9B37-33403BD3D084}.Release|x86.Build.0 = Release|Any CPU
		{81A2B2D4-2A6C-4348-ABC1-4C020D7A08EE}.Debug|Any CPU.ActiveCfg = Debug|Any CPU
		{81A2B2D4-2A6C-4348-ABC1-4C020D7A08EE}.Debug|Any CPU.Build.0 = Debug|Any CPU
		{81A2B2D4-2A6C-4348-ABC1-4C020D7A08EE}.Debug|x64.ActiveCfg = Debug|Any CPU
		{81A2B2D4-2A6C-4348-ABC1-4C020D7A08EE}.Debug|x64.Build.0 = Debug|Any CPU
		{81A2B2D4-2A6C-4348-ABC1-4C020D7A08EE}.Debug|x86.ActiveCfg = Debug|Any CPU
		{81A2B2D4-2A6C-4348-ABC1-4C020D7A08EE}.Debug|x86.Build.0 = Debug|Any CPU
		{81A2B2D4-2A6C-4348-ABC1-4C020D7A08EE}.Release|Any CPU.ActiveCfg = Release|Any CPU
		{81A2B2D4-2A6C-4348-ABC1-4C020D7A08EE}.Release|Any CPU.Build.0 = Release|Any CPU
		{81A2B2D4-2A6C-4348-ABC1-4C020D7A08EE}.Release|x64.ActiveCfg = Release|Any CPU
		{81A2B2D4-2A6C-4348-ABC1-4C020D7A08EE}.Release|x64.Build.0 = Release|Any CPU
		{81A2B2D4-2A6C-4348-ABC1-4C020D7A08EE}.Release|x86.ActiveCfg = Release|Any CPU
		{81A2B2D4-2A6C-4348-ABC1-4C020D7A08EE}.Release|x86.Build.0 = Release|Any CPU
		{2158F535-7B4C-423D-B8A1-162F119076B8}.Debug|Any CPU.ActiveCfg = Debug|Any CPU
		{2158F535-7B4C-423D-B8A1-162F119076B8}.Debug|Any CPU.Build.0 = Debug|Any CPU
		{2158F535-7B4C-423D-B8A1-162F119076B8}.Debug|x64.ActiveCfg = Debug|Any CPU
		{2158F535-7B4C-423D-B8A1-162F119076B8}.Debug|x64.Build.0 = Debug|Any CPU
		{2158F535-7B4C-423D-B8A1-162F119076B8}.Debug|x86.ActiveCfg = Debug|Any CPU
		{2158F535-7B4C-423D-B8A1-162F119076B8}.Debug|x86.Build.0 = Debug|Any CPU
		{2158F535-7B4C-423D-B8A1-162F119076B8}.Release|Any CPU.ActiveCfg = Release|Any CPU
		{2158F535-7B4C-423D-B8A1-162F119076B8}.Release|Any CPU.Build.0 = Release|Any CPU
		{2158F535-7B4C-423D-B8A1-162F119076B8}.Release|x64.ActiveCfg = Release|Any CPU
		{2158F535-7B4C-423D-B8A1-162F119076B8}.Release|x64.Build.0 = Release|Any CPU
		{2158F535-7B4C-423D-B8A1-162F119076B8}.Release|x86.ActiveCfg = Release|Any CPU
		{2158F535-7B4C-423D-B8A1-162F119076B8}.Release|x86.Build.0 = Release|Any CPU
		{AC2F8A63-D769-4014-9311-01BC5FC57591}.Debug|Any CPU.ActiveCfg = Debug|Any CPU
		{AC2F8A63-D769-4014-9311-01BC5FC57591}.Debug|Any CPU.Build.0 = Debug|Any CPU
		{AC2F8A63-D769-4014-9311-01BC5FC57591}.Debug|x64.ActiveCfg = Debug|Any CPU
		{AC2F8A63-D769-4014-9311-01BC5FC57591}.Debug|x64.Build.0 = Debug|Any CPU
		{AC2F8A63-D769-4014-9311-01BC5FC57591}.Debug|x86.ActiveCfg = Debug|Any CPU
		{AC2F8A63-D769-4014-9311-01BC5FC57591}.Debug|x86.Build.0 = Debug|Any CPU
		{AC2F8A63-D769-4014-9311-01BC5FC57591}.Release|Any CPU.ActiveCfg = Release|Any CPU
		{AC2F8A63-D769-4014-9311-01BC5FC57591}.Release|Any CPU.Build.0 = Release|Any CPU
		{AC2F8A63-D769-4014-9311-01BC5FC57591}.Release|x64.ActiveCfg = Release|Any CPU
		{AC2F8A63-D769-4014-9311-01BC5FC57591}.Release|x64.Build.0 = Release|Any CPU
		{AC2F8A63-D769-4014-9311-01BC5FC57591}.Release|x86.ActiveCfg = Release|Any CPU
		{AC2F8A63-D769-4014-9311-01BC5FC57591}.Release|x86.Build.0 = Release|Any CPU
		{A6CE87BD-2C3C-41C4-8C20-FB73DB129AFF}.Debug|Any CPU.ActiveCfg = Debug|Any CPU
		{A6CE87BD-2C3C-41C4-8C20-FB73DB129AFF}.Debug|Any CPU.Build.0 = Debug|Any CPU
		{A6CE87BD-2C3C-41C4-8C20-FB73DB129AFF}.Debug|x64.ActiveCfg = Debug|Any CPU
		{A6CE87BD-2C3C-41C4-8C20-FB73DB129AFF}.Debug|x64.Build.0 = Debug|Any CPU
		{A6CE87BD-2C3C-41C4-8C20-FB73DB129AFF}.Debug|x86.ActiveCfg = Debug|Any CPU
		{A6CE87BD-2C3C-41C4-8C20-FB73DB129AFF}.Debug|x86.Build.0 = Debug|Any CPU
		{A6CE87BD-2C3C-41C4-8C20-FB73DB129AFF}.Release|Any CPU.ActiveCfg = Release|Any CPU
		{A6CE87BD-2C3C-41C4-8C20-FB73DB129AFF}.Release|Any CPU.Build.0 = Release|Any CPU
		{A6CE87BD-2C3C-41C4-8C20-FB73DB129AFF}.Release|x64.ActiveCfg = Release|Any CPU
		{A6CE87BD-2C3C-41C4-8C20-FB73DB129AFF}.Release|x64.Build.0 = Release|Any CPU
		{A6CE87BD-2C3C-41C4-8C20-FB73DB129AFF}.Release|x86.ActiveCfg = Release|Any CPU
		{A6CE87BD-2C3C-41C4-8C20-FB73DB129AFF}.Release|x86.Build.0 = Release|Any CPU
		{FD308FA8-0036-4A36-B5BB-ACC1AB904867}.Debug|Any CPU.ActiveCfg = Debug|Any CPU
		{FD308FA8-0036-4A36-B5BB-ACC1AB904867}.Debug|Any CPU.Build.0 = Debug|Any CPU
		{FD308FA8-0036-4A36-B5BB-ACC1AB904867}.Debug|x64.ActiveCfg = Debug|Any CPU
		{FD308FA8-0036-4A36-B5BB-ACC1AB904867}.Debug|x64.Build.0 = Debug|Any CPU
		{FD308FA8-0036-4A36-B5BB-ACC1AB904867}.Debug|x86.ActiveCfg = Debug|Any CPU
		{FD308FA8-0036-4A36-B5BB-ACC1AB904867}.Debug|x86.Build.0 = Debug|Any CPU
		{FD308FA8-0036-4A36-B5BB-ACC1AB904867}.Release|Any CPU.ActiveCfg = Release|Any CPU
		{FD308FA8-0036-4A36-B5BB-ACC1AB904867}.Release|Any CPU.Build.0 = Release|Any CPU
		{FD308FA8-0036-4A36-B5BB-ACC1AB904867}.Release|x64.ActiveCfg = Release|Any CPU
		{FD308FA8-0036-4A36-B5BB-ACC1AB904867}.Release|x64.Build.0 = Release|Any CPU
		{FD308FA8-0036-4A36-B5BB-ACC1AB904867}.Release|x86.ActiveCfg = Release|Any CPU
		{FD308FA8-0036-4A36-B5BB-ACC1AB904867}.Release|x86.Build.0 = Release|Any CPU
	EndGlobalSection
	GlobalSection(NestedProjects) = preSolution
		{F5567F00-B80F-4A98-BBC0-6993820E072F} = {8F21BBB7-E726-44E2-9B77-9AFA7BB35F6B}
		{A54024F9-F465-4C5C-9B37-33403BD3D084} = {7AD19407-781E-4DC6-9F05-EB01AC14CB51}
		{81A2B2D4-2A6C-4348-ABC1-4C020D7A08EE} = {8F21BBB7-E726-44E2-9B77-9AFA7BB35F6B}
		{2158F535-7B4C-423D-B8A1-162F119076B8} = {8F21BBB7-E726-44E2-9B77-9AFA7BB35F6B}
		{AC2F8A63-D769-4014-9311-01BC5FC57591} = {7AD19407-781E-4DC6-9F05-EB01AC14CB51}
		{A6CE87BD-2C3C-41C4-8C20-FB73DB129AFF} = {7AD19407-781E-4DC6-9F05-EB01AC14CB51}
		{FD308FA8-0036-4A36-B5BB-ACC1AB904867} = {8F21BBB7-E726-44E2-9B77-9AFA7BB35F6B}
	EndGlobalSection
EndGlobal
